
Microsoft Visual Studio Solution File, Format Version 12.00
# Visual Studio Version 17
VisualStudioVersion = 17.0.31903.59
MinimumVisualStudioVersion = 10.0.40219.1
Project("{2150E333-8FDC-42A3-9474-1A3956D46DE8}") = "modulo-testes-dio", "modulo-testes-dio", "{25ED4152-B009-40A2-8397-89926D7BDD27}"
EndProject
Project("{FAE04EC0-301F-11D3-BF4B-00C04F79EFBC}") = "calculadoraTestes", "modulo-testes-dio\calculadoraTestes\calculadoraTestes.csproj", "{FA7B053B-08FE-4D5B-90BC-27380BBCBD3D}"
EndProject
Project("{FAE04EC0-301F-11D3-BF4B-00C04F79EFBC}") = "calculadora", "modulo-testes-dio\calculadora\calculadora.csproj", "{CC21C942-1C89-4D7E-8664-64F8093C6659}"
EndProject
Global
	GlobalSection(SolutionConfigurationPlatforms) = preSolution
		Debug|Any CPU = Debug|Any CPU
		Release|Any CPU = Release|Any CPU
	EndGlobalSection
	GlobalSection(SolutionProperties) = preSolution
		HideSolutionNode = FALSE
	EndGlobalSection
	GlobalSection(ProjectConfigurationPlatforms) = postSolution
		{FA7B053B-08FE-4D5B-90BC-27380BBCBD3D}.Debug|Any CPU.ActiveCfg = Debug|Any CPU
		{FA7B053B-08FE-4D5B-90BC-27380BBCBD3D}.Debug|Any CPU.Build.0 = Debug|Any CPU
		{FA7B053B-08FE-4D5B-90BC-27380BBCBD3D}.Release|Any CPU.ActiveCfg = Release|Any CPU
		{FA7B053B-08FE-4D5B-90BC-27380BBCBD3D}.Release|Any CPU.Build.0 = Release|Any CPU
		{CC21C942-1C89-4D7E-8664-64F8093C6659}.Debug|Any CPU.ActiveCfg = Debug|Any CPU
		{CC21C942-1C89-4D7E-8664-64F8093C6659}.Debug|Any CPU.Build.0 = Debug|Any CPU
		{CC21C942-1C89-4D7E-8664-64F8093C6659}.Release|Any CPU.ActiveCfg = Release|Any CPU
		{CC21C942-1C89-4D7E-8664-64F8093C6659}.Release|Any CPU.Build.0 = Release|Any CPU
	EndGlobalSection
	GlobalSection(NestedProjects) = preSolution
		{FA7B053B-08FE-4D5B-90BC-27380BBCBD3D} = {25ED4152-B009-40A2-8397-89926D7BDD27}
		{CC21C942-1C89-4D7E-8664-64F8093C6659} = {25ED4152-B009-40A2-8397-89926D7BDD27}
	EndGlobalSection
EndGlobal
